<?xml version="1.0" encoding="utf-8"?>
<Project ToolsVersion="4.0" xmlns="http://schemas.microsoft.com/developer/msbuild/2003">
  <ItemGroup>
    <Filter Include="Source Files">
      <UniqueIdentifier>{4FC737F1-C7A5-4376-A066-2A32D752A2FF}</UniqueIdentifier>
      <Extensions>cpp;c;cc;cxx;def;odl;idl;hpj;bat;asm;asmx</Extensions>
    </Filter>
    <Filter Include="Header Files">
      <UniqueIdentifier>{93995380-89BD-4b04-88EB-625FBE52EBFB}</UniqueIdentifier>
      <Extensions>h;hpp;hxx;hm;inl;inc;xsd</Extensions>
    </Filter>
    <Filter Include="Resource Files">
      <UniqueIdentifier>{67DA6AB6-F800-4c08-8B7A-83BB121AAD01}</UniqueIdentifier>
      <Extensions>rc;ico;cur;bmp;dlg;rc2;rct;bin;rgs;gif;jpg;jpeg;jpe;resx;tiff;tif;png;wav;mfcribbon-ms</Extensions>
    </Filter>
    <Filter Include="Source Files\defproc">
      <UniqueIdentifier>{9a60de8d-6249-400c-8d04-1f0c21ca5613}</UniqueIdentifier>
    </Filter>
    <Filter Include="Header Files\defproc">
      <UniqueIdentifier>{47b17141-449f-4e11-8ccd-4f977cb4c116}</UniqueIdentifier>
    </Filter>
    <Filter Include="Header Files\sampler">
      <UniqueIdentifier>{4ca85bfa-06dc-46f0-ad8a-d9a2f8c9828f}</UniqueIdentifier>
    </Filter>
    <Filter Include="Source Files\sampler">
      <UniqueIdentifier>{e5d25086-f82d-4eb1-86a9-efb7a7375f59}</UniqueIdentifier>
    </Filter>
  </ItemGroup>
  <ItemGroup>
    <None Include="ReadMe.txt" />
  </ItemGroup>
  <ItemGroup>
    <ClInclude Include="fbo.h">
      <Filter>Header Files</Filter>
    </ClInclude>
    <ClInclude Include="interp.h">
      <Filter>Header Files</Filter>
    </ClInclude>
    <ClInclude Include="pipeline.h">
      <Filter>Header Files</Filter>
    </ClInclude>
    <ClInclude Include="proc.h">
      <Filter>Header Files</Filter>
    </ClInclude>
    <ClInclude Include="rasterizer.h">
      <Filter>Header Files</Filter>
    </ClInclude>
    <ClInclude Include="vao.h">
      <Filter>Header Files</Filter>
    </ClInclude>
    <ClInclude Include="vbo.h">
      <Filter>Header Files</Filter>
    </ClInclude>
    <ClInclude Include="config.h">
      <Filter>Header Files</Filter>
    </ClInclude>
    <ClInclude Include="rinque.h">
      <Filter>Header Files</Filter>
    </ClInclude>
    <ClInclude Include="rndr.h">
      <Filter>Header Files</Filter>
    </ClInclude>
    <ClInclude Include="rndrgdi.h">
      <Filter>Header Files</Filter>
    </ClInclude>
    <ClInclude Include="rndrddraw.h">
      <Filter>Header Files</Filter>
    </ClInclude>
    <ClInclude Include="defproc.h">
      <Filter>Header Files</Filter>
    </ClInclude>
    <ClInclude Include="defs.h">
      <Filter>Header Files</Filter>
    </ClInclude>
    <ClInclude Include="picldr.h">
      <Filter>Header Files</Filter>
    </ClInclude>
    <ClInclude Include="tex1light1.h">
      <Filter>Header Files\defproc</Filter>
    </ClInclude>
    <ClInclude Include="colr1light1.h">
      <Filter>Header Files\defproc</Filter>
    </ClInclude>
    <ClInclude Include="tex1bump1light1.h">
      <Filter>Header Files\defproc</Filter>
    </ClInclude>
    <ClInclude Include="samplr2d.h">
      <Filter>Header Files\sampler</Filter>
    </ClInclude>
    <ClInclude Include="samplrcube.h">
      <Filter>Header Files\sampler</Filter>
    </ClInclude>
    <ClInclude Include="skybox.h">
      <Filter>Header Files\defproc</Filter>
    </ClInclude>
  </ItemGroup>
  <ItemGroup>
    <ClCompile Include="fbo.cpp">
      <Filter>Source Files</Filter>
    </ClCompile>
    <ClCompile Include="interp.cpp">
      <Filter>Source Files</Filter>
    </ClCompile>
    <ClCompile Include="pipeline.cpp">
      <Filter>Source Files</Filter>
    </ClCompile>
    <ClCompile Include="rasterizer.cpp">
      <Filter>Source Files</Filter>
    </ClCompile>
    <ClCompile Include="vao.cpp">
      <Filter>Source Files</Filter>
    </ClCompile>
    <ClCompile Include="vbo.cpp">
      <Filter>Source Files</Filter>
    </ClCompile>
    <ClCompile Include="proc.cpp">
      <Filter>Source Files</Filter>
    </ClCompile>
    <ClCompile Include="udm.cpp">
      <Filter>Source Files</Filter>
    </ClCompile>
    <ClCompile Include="fragthrd.cpp">
      <Filter>Source Files</Filter>
    </ClCompile>
    <ClCompile Include="drawvao.cpp">
      <Filter>Source Files</Filter>
    </ClCompile>
    <ClCompile Include="vertthrd.cpp">
      <Filter>Source Files</Filter>
    </ClCompile>
    <ClCompile Include="rndrgdi.cpp">
      <Filter>Source Files</Filter>
    </ClCompile>
    <ClCompile Include="rndrddraw.cpp">
      <Filter>Source Files</Filter>
    </ClCompile>
    <ClCompile Include="tex.cpp">
      <Filter>Source Files</Filter>
    </ClCompile>
    <ClCompile Include="prog.cpp">
      <Filter>Source Files</Filter>
    </ClCompile>
    <ClCompile Include="picldr.cpp">
      <Filter>Source Files</Filter>
    </ClCompile>
    <ClCompile Include="tex1light1.cpp">
      <Filter>Source Files\defproc</Filter>
    </ClCompile>
    <ClCompile Include="colr1light1.cpp">
      <Filter>Source Files\defproc</Filter>
    </ClCompile>
    <ClCompile Include="tex1bump1light1.cpp">
      <Filter>Source Files\defproc</Filter>
    </ClCompile>
    <ClCompile Include="samplr2d.cpp">
      <Filter>Source Files\sampler</Filter>
    </ClCompile>
    <ClCompile Include="samplrcube.cpp">
      <Filter>Source Files\sampler</Filter>
    </ClCompile>
    <ClCompile Include="skybox.cpp">
      <Filter>Source Files\defproc</Filter>
    </ClCompile>
    <ClCompile Include="dbg.cpp">
      <Filter>Source Files</Filter>
    </ClCompile>
  </ItemGroup>
</Project>