<?xml version="1.0" encoding="utf-8"?>
<Project ToolsVersion="4.0" xmlns="http://schemas.microsoft.com/developer/msbuild/2003">
  <ItemGroup>
    <Filter Include="Header Files">
      <UniqueIdentifier>{93995380-89BD-4b04-88EB-625FBE52EBFB}</UniqueIdentifier>
      <Extensions>h;hpp;hxx;hm;inl;inc;xsd</Extensions>
    </Filter>
    <Filter Include="Resource Files">
      <UniqueIdentifier>{67DA6AB6-F800-4c08-8B7A-83BB121AAD01}</UniqueIdentifier>
      <Extensions>rc;ico;cur;bmp;dlg;rc2;rct;bin;rgs;gif;jpg;jpeg;jpe;resx;tiff;tif;png;wav;mfcribbon-ms</Extensions>
    </Filter>
    <Filter Include="Ext Resource Files">
      <UniqueIdentifier>{2ea3f6fe-4c88-4e9b-9670-d1d0103f7809}</UniqueIdentifier>
      <ParseFiles>false</ParseFiles>
    </Filter>
    <Filter Include="Source Files">
      <UniqueIdentifier>{4FC737F1-C7A5-4376-A066-2A32D752A2FF}</UniqueIdentifier>
      <Extensions>cpp;c;cc;cxx;def;odl;idl;hpj;bat;asm;asmx</Extensions>
    </Filter>
  </ItemGroup>
  <ItemGroup>
    <ClCompile Include="puresoft.cpp">
      <Filter>Source Files</Filter>
    </ClCompile>
    <ClCompile Include="testproc.cpp">
      <Filter>Source Files</Filter>
    </ClCompile>
    <ClCompile Include="scenobj.cpp">
      <Filter>Source Files</Filter>
    </ClCompile>
    <ClCompile Include="testobjs.cpp">
      <Filter>Source Files</Filter>
    </ClCompile>
    <ClCompile Include="procreator.cpp">
      <Filter>Source Files</Filter>
    </ClCompile>
  </ItemGroup>
  <ItemGroup>
    <None Include="earth.jpg">
      <Filter>Ext Resource Files</Filter>
    </None>
    <None Include="sphere1.objx">
      <Filter>Ext Resource Files</Filter>
    </None>
  </ItemGroup>
  <ItemGroup>
    <ClInclude Include="testproc.h">
      <Filter>Header Files</Filter>
    </ClInclude>
    <ClInclude Include="scenobj.h">
      <Filter>Header Files</Filter>
    </ClInclude>
    <ClInclude Include="testobjs.h">
      <Filter>Header Files</Filter>
    </ClInclude>
    <ClInclude Include="procreator.h">
      <Filter>Header Files</Filter>
    </ClInclude>
  </ItemGroup>
</Project>